
Microsoft Visual Studio Solution File, Format Version 12.00
# Visual Studio Version 17
VisualStudioVersion = 17.10.35013.160
MinimumVisualStudioVersion = 10.0.40219.1
Project("{9A19103F-16F7-4668-BE54-9A1E7A4F7556}") = "CandidateHub.Core", "CandidateHub\CandidateHub.Core.csproj", "{BDB292F0-E2AA-4A47-9D41-A898F41F54EA}"
EndProject
Project("{FAE04EC0-301F-11D3-BF4B-00C04F79EFBC}") = "CandidateHub.UnitTest", "CandidateHub.UnitTest\CandidateHub.UnitTest.csproj", "{FBE5A679-95CB-432B-A4CE-236D5555B3A2}"
EndProject
Global
	GlobalSection(SolutionConfigurationPlatforms) = preSolution
		Debug|Any CPU = Debug|Any CPU
		Release|Any CPU = Release|Any CPU
	EndGlobalSection
	GlobalSection(ProjectConfigurationPlatforms) = postSolution
		{BDB292F0-E2AA-4A47-9D41-A898F41F54EA}.Debug|Any CPU.ActiveCfg = Debug|Any CPU
		{BDB292F0-E2AA-4A47-9D41-A898F41F54EA}.Debug|Any CPU.Build.0 = Debug|Any CPU
		{BDB292F0-E2AA-4A47-9D41-A898F41F54EA}.Release|Any CPU.ActiveCfg = Release|Any CPU
		{BDB292F0-E2AA-4A47-9D41-A898F41F54EA}.Release|Any CPU.Build.0 = Release|Any CPU
		{FBE5A679-95CB-432B-A4CE-236D5555B3A2}.Debug|Any CPU.ActiveCfg = Debug|Any CPU
		{FBE5A679-95CB-432B-A4CE-236D5555B3A2}.Debug|Any CPU.Build.0 = Debug|Any CPU
		{FBE5A679-95CB-432B-A4CE-236D5555B3A2}.Release|Any CPU.ActiveCfg = Release|Any CPU
		{FBE5A679-95CB-432B-A4CE-236D5555B3A2}.Release|Any CPU.Build.0 = Release|Any CPU
	EndGlobalSection
	GlobalSection(SolutionProperties) = preSolution
		HideSolutionNode = FALSE
	EndGlobalSection
	GlobalSection(ExtensibilityGlobals) = postSolution
		SolutionGuid = {5796DF79-3BCC-477C-AAF0-CAA3BA046032}
	EndGlobalSection
EndGlobal
